dependencies:
  espressif/eigen:
    component_hash: 64a82d75ea6b7cb9240398ce0b6616e905d71b83a734b2cf9cb58ad09dd4f5ea
    source:
      service_url: https://api.components.espressif.com/
      type: service
    version: 3.4.0~2
  idf:
    component_hash: null
    source:
      type: idf
    version: 5.0.0
manifest_hash: a8336048b04561ea950e2437c0b9ccea9fb9114ca9f208a8d9e95ecf73063629
target: esp32s3
version: 1.0.0
